
Microsoft Visual Studio Solution File, Format Version 12.00
# Visual Studio Version 16
VisualStudioVersion = 16.0.29306.81
MinimumVisualStudioVersion = 10.0.40219.1
Project("{FAE04EC0-301F-11D3-BF4B-00C04F79EFBC}") = "linuravnenie", "linuravnenie\linuravnenie.csproj", "{086E0B76-F7E5-4769-8574-AB13AA7EC9E0}"
EndProject
Global
	GlobalSection(SolutionConfigurationPlatforms) = preSolution
		Debug|Any CPU = Debug|Any CPU
		Release|Any CPU = Release|Any CPU
	EndGlobalSection
	GlobalSection(ProjectConfigurationPlatforms) = postSolution
		{086E0B76-F7E5-4769-8574-AB13AA7EC9E0}.Debug|Any CPU.ActiveCfg = Debug|Any CPU
		{086E0B76-F7E5-4769-8574-AB13AA7EC9E0}.Debug|Any CPU.Build.0 = Debug|Any CPU
		{086E0B76-F7E5-4769-8574-AB13AA7EC9E0}.Release|Any CPU.ActiveCfg = Release|Any CPU
		{086E0B76-F7E5-4769-8574-AB13AA7EC9E0}.Release|Any CPU.Build.0 = Release|Any CPU
	EndGlobalSection
	GlobalSection(SolutionProperties) = preSolution
		HideSolutionNode = FALSE
	EndGlobalSection
	GlobalSection(ExtensibilityGlobals) = postSolution
		SolutionGuid = {28F461F1-A167-46A8-BF12-7E4AB96EAA95}
	EndGlobalSection
EndGlobal
