
Microsoft Visual Studio Solution File, Format Version 12.00
# Visual Studio Version 16
VisualStudioVersion = 16.0.29306.81
MinimumVisualStudioVersion = 10.0.40219.1
Project("{FAE04EC0-301F-11D3-BF4B-00C04F79EFBC}") = "DvoinoSvurzanList", "DvoinoSvurzanList\DvoinoSvurzanList.csproj", "{DC53B51C-C2E1-4ACC-ABA6-9D5400B6C8DE}"
EndProject
Global
	GlobalSection(SolutionConfigurationPlatforms) = preSolution
		Debug|Any CPU = Debug|Any CPU
		Release|Any CPU = Release|Any CPU
	EndGlobalSection
	GlobalSection(ProjectConfigurationPlatforms) = postSolution
		{DC53B51C-C2E1-4ACC-ABA6-9D5400B6C8DE}.Debug|Any CPU.ActiveCfg = Debug|Any CPU
		{DC53B51C-C2E1-4ACC-ABA6-9D5400B6C8DE}.Debug|Any CPU.Build.0 = Debug|Any CPU
		{DC53B51C-C2E1-4ACC-ABA6-9D5400B6C8DE}.Release|Any CPU.ActiveCfg = Release|Any CPU
		{DC53B51C-C2E1-4ACC-ABA6-9D5400B6C8DE}.Release|Any CPU.Build.0 = Release|Any CPU
	EndGlobalSection
	GlobalSection(SolutionProperties) = preSolution
		HideSolutionNode = FALSE
	EndGlobalSection
	GlobalSection(ExtensibilityGlobals) = postSolution
		SolutionGuid = {60523E89-D2F7-4771-A516-751BAB767010}
	EndGlobalSection
EndGlobal
