
Microsoft Visual Studio Solution File, Format Version 12.00
# Visual Studio Version 16
VisualStudioVersion = 16.0.32126.315
MinimumVisualStudioVersion = 10.0.40219.1
Project("{FAE04EC0-301F-11D3-BF4B-00C04F79EFBC}") = "18_ПГПИ_УП_ПТ1_Моника_Блажева_12e", "18_ПГПИ_УП_ПТ1_Моника_Блажева_12e\18_ПГПИ_УП_ПТ1_Моника_Блажева_12e.csproj", "{5BA79F1B-CFEA-4F95-BA56-92A788F24090}"
EndProject
Global
	GlobalSection(SolutionConfigurationPlatforms) = preSolution
		Debug|Any CPU = Debug|Any CPU
		Release|Any CPU = Release|Any CPU
	EndGlobalSection
	GlobalSection(ProjectConfigurationPlatforms) = postSolution
		{5BA79F1B-CFEA-4F95-BA56-92A788F24090}.Debug|Any CPU.ActiveCfg = Debug|Any CPU
		{5BA79F1B-CFEA-4F95-BA56-92A788F24090}.Debug|Any CPU.Build.0 = Debug|Any CPU
		{5BA79F1B-CFEA-4F95-BA56-92A788F24090}.Release|Any CPU.ActiveCfg = Release|Any CPU
		{5BA79F1B-CFEA-4F95-BA56-92A788F24090}.Release|Any CPU.Build.0 = Release|Any CPU
	EndGlobalSection
	GlobalSection(SolutionProperties) = preSolution
		HideSolutionNode = FALSE
	EndGlobalSection
	GlobalSection(ExtensibilityGlobals) = postSolution
		SolutionGuid = {38DCD871-3603-4669-A1B2-53ED291075EC}
	EndGlobalSection
EndGlobal
