
Microsoft Visual Studio Solution File, Format Version 12.00
# Visual Studio Version 16
VisualStudioVersion = 16.0.29306.81
MinimumVisualStudioVersion = 10.0.40219.1
Project("{FAE04EC0-301F-11D3-BF4B-00C04F79EFBC}") = "УАСД_ПИ2_Моника_Блажева_10е", "УАСД_ПИ2_Моника_Блажева_10е\УАСД_ПИ2_Моника_Блажева_10е.csproj", "{C8320485-5171-4C04-BBD4-66AF11E8E2B3}"
EndProject
Global
	GlobalSection(SolutionConfigurationPlatforms) = preSolution
		Debug|Any CPU = Debug|Any CPU
		Release|Any CPU = Release|Any CPU
	EndGlobalSection
	GlobalSection(ProjectConfigurationPlatforms) = postSolution
		{C8320485-5171-4C04-BBD4-66AF11E8E2B3}.Debug|Any CPU.ActiveCfg = Debug|Any CPU
		{C8320485-5171-4C04-BBD4-66AF11E8E2B3}.Debug|Any CPU.Build.0 = Debug|Any CPU
		{C8320485-5171-4C04-BBD4-66AF11E8E2B3}.Release|Any CPU.ActiveCfg = Release|Any CPU
		{C8320485-5171-4C04-BBD4-66AF11E8E2B3}.Release|Any CPU.Build.0 = Release|Any CPU
	EndGlobalSection
	GlobalSection(SolutionProperties) = preSolution
		HideSolutionNode = FALSE
	EndGlobalSection
	GlobalSection(ExtensibilityGlobals) = postSolution
		SolutionGuid = {55D78086-92CA-4178-922D-CBC7125ADD68}
	EndGlobalSection
EndGlobal
