
Microsoft Visual Studio Solution File, Format Version 12.00
# Visual Studio Version 16
VisualStudioVersion = 16.0.29306.81
MinimumVisualStudioVersion = 10.0.40219.1
Project("{FAE04EC0-301F-11D3-BF4B-00C04F79EFBC}") = "fibonachi", "fibonachi\fibonachi.csproj", "{01F76192-4ECF-4EC4-B486-B6E65E5E6643}"
EndProject
Global
	GlobalSection(SolutionConfigurationPlatforms) = preSolution
		Debug|Any CPU = Debug|Any CPU
		Release|Any CPU = Release|Any CPU
	EndGlobalSection
	GlobalSection(ProjectConfigurationPlatforms) = postSolution
		{01F76192-4ECF-4EC4-B486-B6E65E5E6643}.Debug|Any CPU.ActiveCfg = Debug|Any CPU
		{01F76192-4ECF-4EC4-B486-B6E65E5E6643}.Debug|Any CPU.Build.0 = Debug|Any CPU
		{01F76192-4ECF-4EC4-B486-B6E65E5E6643}.Release|Any CPU.ActiveCfg = Release|Any CPU
		{01F76192-4ECF-4EC4-B486-B6E65E5E6643}.Release|Any CPU.Build.0 = Release|Any CPU
	EndGlobalSection
	GlobalSection(SolutionProperties) = preSolution
		HideSolutionNode = FALSE
	EndGlobalSection
	GlobalSection(ExtensibilityGlobals) = postSolution
		SolutionGuid = {C253E6F5-05F4-4AC4-896F-F585EDD6FFCA}
	EndGlobalSection
EndGlobal
