
Microsoft Visual Studio Solution File, Format Version 12.00
# Visual Studio Version 16
VisualStudioVersion = 16.0.29424.173
MinimumVisualStudioVersion = 10.0.40219.1
Project("{FAE04EC0-301F-11D3-BF4B-00C04F79EFBC}") = "zadacha1", "zadacha1.csproj", "{717F28C7-7812-4D49-91A6-7ABEC2500D14}"
EndProject
Global
	GlobalSection(SolutionConfigurationPlatforms) = preSolution
		Debug|Any CPU = Debug|Any CPU
		Release|Any CPU = Release|Any CPU
	EndGlobalSection
	GlobalSection(ProjectConfigurationPlatforms) = postSolution
		{717F28C7-7812-4D49-91A6-7ABEC2500D14}.Debug|Any CPU.ActiveCfg = Debug|Any CPU
		{717F28C7-7812-4D49-91A6-7ABEC2500D14}.Debug|Any CPU.Build.0 = Debug|Any CPU
		{717F28C7-7812-4D49-91A6-7ABEC2500D14}.Release|Any CPU.ActiveCfg = Release|Any CPU
		{717F28C7-7812-4D49-91A6-7ABEC2500D14}.Release|Any CPU.Build.0 = Release|Any CPU
	EndGlobalSection
	GlobalSection(SolutionProperties) = preSolution
		HideSolutionNode = FALSE
	EndGlobalSection
	GlobalSection(ExtensibilityGlobals) = postSolution
		SolutionGuid = {E3ED7E22-1E31-465C-9DE4-7907D24629B5}
	EndGlobalSection
EndGlobal
