
Microsoft Visual Studio Solution File, Format Version 12.00
# Visual Studio Version 16
VisualStudioVersion = 16.0.30804.86
MinimumVisualStudioVersion = 10.0.40219.1
Project("{FAE04EC0-301F-11D3-BF4B-00C04F79EFBC}") = "Problem3", "Problem3\Problem3.csproj", "{FBE4425D-D038-461E-9605-DE4D36BFBAA6}"
EndProject
Global
	GlobalSection(SolutionConfigurationPlatforms) = preSolution
		Debug|Any CPU = Debug|Any CPU
		Release|Any CPU = Release|Any CPU
	EndGlobalSection
	GlobalSection(ProjectConfigurationPlatforms) = postSolution
		{FBE4425D-D038-461E-9605-DE4D36BFBAA6}.Debug|Any CPU.ActiveCfg = Debug|Any CPU
		{FBE4425D-D038-461E-9605-DE4D36BFBAA6}.Debug|Any CPU.Build.0 = Debug|Any CPU
		{FBE4425D-D038-461E-9605-DE4D36BFBAA6}.Release|Any CPU.ActiveCfg = Release|Any CPU
		{FBE4425D-D038-461E-9605-DE4D36BFBAA6}.Release|Any CPU.Build.0 = Release|Any CPU
	EndGlobalSection
	GlobalSection(SolutionProperties) = preSolution
		HideSolutionNode = FALSE
	EndGlobalSection
	GlobalSection(ExtensibilityGlobals) = postSolution
		SolutionGuid = {987466A4-CFFC-4FEE-B42B-B33EB1430A28}
	EndGlobalSection
EndGlobal
