
Microsoft Visual Studio Solution File, Format Version 12.00
# Visual Studio Version 16
VisualStudioVersion = 16.0.30804.86
MinimumVisualStudioVersion = 10.0.40219.1
Project("{FAE04EC0-301F-11D3-BF4B-00C04F79EFBC}") = "HTTPServer", "HTTPServer\HTTPServer.csproj", "{2911E159-D006-43F7-8A7C-71BFC44A18EE}"
EndProject
Global
	GlobalSection(SolutionConfigurationPlatforms) = preSolution
		Debug|Any CPU = Debug|Any CPU
		Release|Any CPU = Release|Any CPU
	EndGlobalSection
	GlobalSection(ProjectConfigurationPlatforms) = postSolution
		{2911E159-D006-43F7-8A7C-71BFC44A18EE}.Debug|Any CPU.ActiveCfg = Debug|Any CPU
		{2911E159-D006-43F7-8A7C-71BFC44A18EE}.Debug|Any CPU.Build.0 = Debug|Any CPU
		{2911E159-D006-43F7-8A7C-71BFC44A18EE}.Release|Any CPU.ActiveCfg = Release|Any CPU
		{2911E159-D006-43F7-8A7C-71BFC44A18EE}.Release|Any CPU.Build.0 = Release|Any CPU
	EndGlobalSection
	GlobalSection(SolutionProperties) = preSolution
		HideSolutionNode = FALSE
	EndGlobalSection
	GlobalSection(ExtensibilityGlobals) = postSolution
		SolutionGuid = {381D737A-0B70-4225-8586-F9D8457C434E}
	EndGlobalSection
EndGlobal
