
Microsoft Visual Studio Solution File, Format Version 12.00
# Visual Studio Version 16
VisualStudioVersion = 16.0.29306.81
MinimumVisualStudioVersion = 10.0.40219.1
Project("{FAE04EC0-301F-11D3-BF4B-00C04F79EFBC}") = "Diagonali_zad1_Monika_9e", "Diagonali_zad1_Monika_9e\Diagonali_zad1_Monika_9e.csproj", "{9B599E0E-D4F2-46B5-8D70-D2A0A20D4FDF}"
EndProject
Global
	GlobalSection(SolutionConfigurationPlatforms) = preSolution
		Debug|Any CPU = Debug|Any CPU
		Release|Any CPU = Release|Any CPU
	EndGlobalSection
	GlobalSection(ProjectConfigurationPlatforms) = postSolution
		{9B599E0E-D4F2-46B5-8D70-D2A0A20D4FDF}.Debug|Any CPU.ActiveCfg = Debug|Any CPU
		{9B599E0E-D4F2-46B5-8D70-D2A0A20D4FDF}.Debug|Any CPU.Build.0 = Debug|Any CPU
		{9B599E0E-D4F2-46B5-8D70-D2A0A20D4FDF}.Release|Any CPU.ActiveCfg = Release|Any CPU
		{9B599E0E-D4F2-46B5-8D70-D2A0A20D4FDF}.Release|Any CPU.Build.0 = Release|Any CPU
	EndGlobalSection
	GlobalSection(SolutionProperties) = preSolution
		HideSolutionNode = FALSE
	EndGlobalSection
	GlobalSection(ExtensibilityGlobals) = postSolution
		SolutionGuid = {31C54D61-0814-4B63-8FAF-CDFF301BAAF0}
	EndGlobalSection
EndGlobal
