
Microsoft Visual Studio Solution File, Format Version 12.00
# Visual Studio Version 16
VisualStudioVersion = 16.0.30804.86
MinimumVisualStudioVersion = 10.0.40219.1
Project("{FAE04EC0-301F-11D3-BF4B-00C04F79EFBC}") = "VmukvaneNaChislo", "VmukvaneNaChislo\VmukvaneNaChislo.csproj", "{10B82D87-FAC3-4149-8CB5-94ADBFDE204A}"
EndProject
Global
	GlobalSection(SolutionConfigurationPlatforms) = preSolution
		Debug|Any CPU = Debug|Any CPU
		Release|Any CPU = Release|Any CPU
	EndGlobalSection
	GlobalSection(ProjectConfigurationPlatforms) = postSolution
		{10B82D87-FAC3-4149-8CB5-94ADBFDE204A}.Debug|Any CPU.ActiveCfg = Debug|Any CPU
		{10B82D87-FAC3-4149-8CB5-94ADBFDE204A}.Debug|Any CPU.Build.0 = Debug|Any CPU
		{10B82D87-FAC3-4149-8CB5-94ADBFDE204A}.Release|Any CPU.ActiveCfg = Release|Any CPU
		{10B82D87-FAC3-4149-8CB5-94ADBFDE204A}.Release|Any CPU.Build.0 = Release|Any CPU
	EndGlobalSection
	GlobalSection(SolutionProperties) = preSolution
		HideSolutionNode = FALSE
	EndGlobalSection
	GlobalSection(ExtensibilityGlobals) = postSolution
		SolutionGuid = {74955F24-2EEC-4B04-B9B6-8D994C3C1AD5}
	EndGlobalSection
EndGlobal
