
Microsoft Visual Studio Solution File, Format Version 12.00
# Visual Studio Version 16
VisualStudioVersion = 16.0.29306.81
MinimumVisualStudioVersion = 10.0.40219.1
Project("{FAE04EC0-301F-11D3-BF4B-00C04F79EFBC}") = "Sorting2", "Sorting2\Sorting2.csproj", "{20EFAD0A-1051-492B-BCC8-674372AE6EE4}"
EndProject
Global
	GlobalSection(SolutionConfigurationPlatforms) = preSolution
		Debug|Any CPU = Debug|Any CPU
		Release|Any CPU = Release|Any CPU
	EndGlobalSection
	GlobalSection(ProjectConfigurationPlatforms) = postSolution
		{20EFAD0A-1051-492B-BCC8-674372AE6EE4}.Debug|Any CPU.ActiveCfg = Debug|Any CPU
		{20EFAD0A-1051-492B-BCC8-674372AE6EE4}.Debug|Any CPU.Build.0 = Debug|Any CPU
		{20EFAD0A-1051-492B-BCC8-674372AE6EE4}.Release|Any CPU.ActiveCfg = Release|Any CPU
		{20EFAD0A-1051-492B-BCC8-674372AE6EE4}.Release|Any CPU.Build.0 = Release|Any CPU
	EndGlobalSection
	GlobalSection(SolutionProperties) = preSolution
		HideSolutionNode = FALSE
	EndGlobalSection
	GlobalSection(ExtensibilityGlobals) = postSolution
		SolutionGuid = {3124D3D3-23C1-46F9-BE50-B61AE4FED333}
	EndGlobalSection
EndGlobal
