
Microsoft Visual Studio Solution File, Format Version 12.00
# Visual Studio Version 16
VisualStudioVersion = 16.0.29306.81
MinimumVisualStudioVersion = 10.0.40219.1
Project("{FAE04EC0-301F-11D3-BF4B-00C04F79EFBC}") = "Lists_chislaKvadrati_Monika_Blazheva_9e", "Lists_chislaKvadrati_Monika_Blazheva_9e\Lists_chislaKvadrati_Monika_Blazheva_9e.csproj", "{73715886-8533-49DF-B4D2-F3F091D72280}"
EndProject
Global
	GlobalSection(SolutionConfigurationPlatforms) = preSolution
		Debug|Any CPU = Debug|Any CPU
		Release|Any CPU = Release|Any CPU
	EndGlobalSection
	GlobalSection(ProjectConfigurationPlatforms) = postSolution
		{73715886-8533-49DF-B4D2-F3F091D72280}.Debug|Any CPU.ActiveCfg = Debug|Any CPU
		{73715886-8533-49DF-B4D2-F3F091D72280}.Debug|Any CPU.Build.0 = Debug|Any CPU
		{73715886-8533-49DF-B4D2-F3F091D72280}.Release|Any CPU.ActiveCfg = Release|Any CPU
		{73715886-8533-49DF-B4D2-F3F091D72280}.Release|Any CPU.Build.0 = Release|Any CPU
	EndGlobalSection
	GlobalSection(SolutionProperties) = preSolution
		HideSolutionNode = FALSE
	EndGlobalSection
	GlobalSection(ExtensibilityGlobals) = postSolution
		SolutionGuid = {98CA481F-C787-45E7-A10C-90D3EDDAB7DA}
	EndGlobalSection
EndGlobal
