
Microsoft Visual Studio Solution File, Format Version 12.00
# Visual Studio Version 16
VisualStudioVersion = 16.0.29306.81
MinimumVisualStudioVersion = 10.0.40219.1
Project("{FAE04EC0-301F-11D3-BF4B-00C04F79EFBC}") = "ReversedList", "ReversedList\ReversedList.csproj", "{F38CA46D-CEC8-4E77-A420-E7443AA47B07}"
EndProject
Global
	GlobalSection(SolutionConfigurationPlatforms) = preSolution
		Debug|Any CPU = Debug|Any CPU
		Release|Any CPU = Release|Any CPU
	EndGlobalSection
	GlobalSection(ProjectConfigurationPlatforms) = postSolution
		{F38CA46D-CEC8-4E77-A420-E7443AA47B07}.Debug|Any CPU.ActiveCfg = Debug|Any CPU
		{F38CA46D-CEC8-4E77-A420-E7443AA47B07}.Debug|Any CPU.Build.0 = Debug|Any CPU
		{F38CA46D-CEC8-4E77-A420-E7443AA47B07}.Release|Any CPU.ActiveCfg = Release|Any CPU
		{F38CA46D-CEC8-4E77-A420-E7443AA47B07}.Release|Any CPU.Build.0 = Release|Any CPU
	EndGlobalSection
	GlobalSection(SolutionProperties) = preSolution
		HideSolutionNode = FALSE
	EndGlobalSection
	GlobalSection(ExtensibilityGlobals) = postSolution
		SolutionGuid = {48ADEC61-B995-46D0-BFF6-68F44DD9F936}
	EndGlobalSection
EndGlobal
