
Microsoft Visual Studio Solution File, Format Version 12.00
# Visual Studio Version 16
VisualStudioVersion = 16.0.32510.428
MinimumVisualStudioVersion = 10.0.40219.1
Project("{9A19103F-16F7-4668-BE54-9A1E7A4F7556}") = "Model", "Model\Model.csproj", "{52CB74AB-B55C-4CFD-94C8-676AF031DDB8}"
EndProject
Project("{9A19103F-16F7-4668-BE54-9A1E7A4F7556}") = "SeedingDB", "SeedingDB\SeedingDB.csproj", "{882BF87F-EC36-4790-9238-7F235E3BE27E}"
EndProject
Project("{FAE04EC0-301F-11D3-BF4B-00C04F79EFBC}") = "MVC", "MVC\MVC.csproj", "{569DE8EE-3778-402B-8FCD-521675F50EEF}"
EndProject
Global
	GlobalSection(SolutionConfigurationPlatforms) = preSolution
		Debug|Any CPU = Debug|Any CPU
		Release|Any CPU = Release|Any CPU
	EndGlobalSection
	GlobalSection(ProjectConfigurationPlatforms) = postSolution
		{52CB74AB-B55C-4CFD-94C8-676AF031DDB8}.Debug|Any CPU.ActiveCfg = Debug|Any CPU
		{52CB74AB-B55C-4CFD-94C8-676AF031DDB8}.Debug|Any CPU.Build.0 = Debug|Any CPU
		{52CB74AB-B55C-4CFD-94C8-676AF031DDB8}.Release|Any CPU.ActiveCfg = Release|Any CPU
		{52CB74AB-B55C-4CFD-94C8-676AF031DDB8}.Release|Any CPU.Build.0 = Release|Any CPU
		{882BF87F-EC36-4790-9238-7F235E3BE27E}.Debug|Any CPU.ActiveCfg = Debug|Any CPU
		{882BF87F-EC36-4790-9238-7F235E3BE27E}.Debug|Any CPU.Build.0 = Debug|Any CPU
		{882BF87F-EC36-4790-9238-7F235E3BE27E}.Release|Any CPU.ActiveCfg = Release|Any CPU
		{882BF87F-EC36-4790-9238-7F235E3BE27E}.Release|Any CPU.Build.0 = Release|Any CPU
		{569DE8EE-3778-402B-8FCD-521675F50EEF}.Debug|Any CPU.ActiveCfg = Debug|Any CPU
		{569DE8EE-3778-402B-8FCD-521675F50EEF}.Debug|Any CPU.Build.0 = Debug|Any CPU
		{569DE8EE-3778-402B-8FCD-521675F50EEF}.Release|Any CPU.ActiveCfg = Release|Any CPU
		{569DE8EE-3778-402B-8FCD-521675F50EEF}.Release|Any CPU.Build.0 = Release|Any CPU
	EndGlobalSection
	GlobalSection(SolutionProperties) = preSolution
		HideSolutionNode = FALSE
	EndGlobalSection
	GlobalSection(ExtensibilityGlobals) = postSolution
		SolutionGuid = {D00961FC-78E8-42CE-AE16-EA3AD8D68EDF}
	EndGlobalSection
EndGlobal
