
Microsoft Visual Studio Solution File, Format Version 12.00
# Visual Studio Version 16
VisualStudioVersion = 16.0.29306.81
MinimumVisualStudioVersion = 10.0.40219.1
Project("{FAE04EC0-301F-11D3-BF4B-00C04F79EFBC}") = "Diagonali_zad2_Monika_9e", "Diagonali_zad2_Monika_9e\Diagonali_zad2_Monika_9e.csproj", "{F43535B7-2248-4260-B51E-DBEEE7EDFFF7}"
EndProject
Global
	GlobalSection(SolutionConfigurationPlatforms) = preSolution
		Debug|Any CPU = Debug|Any CPU
		Release|Any CPU = Release|Any CPU
	EndGlobalSection
	GlobalSection(ProjectConfigurationPlatforms) = postSolution
		{F43535B7-2248-4260-B51E-DBEEE7EDFFF7}.Debug|Any CPU.ActiveCfg = Debug|Any CPU
		{F43535B7-2248-4260-B51E-DBEEE7EDFFF7}.Debug|Any CPU.Build.0 = Debug|Any CPU
		{F43535B7-2248-4260-B51E-DBEEE7EDFFF7}.Release|Any CPU.ActiveCfg = Release|Any CPU
		{F43535B7-2248-4260-B51E-DBEEE7EDFFF7}.Release|Any CPU.Build.0 = Release|Any CPU
	EndGlobalSection
	GlobalSection(SolutionProperties) = preSolution
		HideSolutionNode = FALSE
	EndGlobalSection
	GlobalSection(ExtensibilityGlobals) = postSolution
		SolutionGuid = {774F8F29-5CB4-47AA-AE08-938219BC0169}
	EndGlobalSection
EndGlobal
