
Microsoft Visual Studio Solution File, Format Version 12.00
# Visual Studio Version 16
VisualStudioVersion = 16.0.32126.315
MinimumVisualStudioVersion = 10.0.40219.1
Project("{FAE04EC0-301F-11D3-BF4B-00C04F79EFBC}") = "BusinessLayer", "BusinessLayer\BusinessLayer.csproj", "{D86A818E-76B5-4B5F-9B44-A3E12D41F754}"
EndProject
Project("{FAE04EC0-301F-11D3-BF4B-00C04F79EFBC}") = "DataLayer", "DataLayer\DataLayer.csproj", "{38D207A7-A709-4816-8A84-36B5F9516EB3}"
EndProject
Global
	GlobalSection(SolutionConfigurationPlatforms) = preSolution
		Debug|Any CPU = Debug|Any CPU
		Release|Any CPU = Release|Any CPU
	EndGlobalSection
	GlobalSection(ProjectConfigurationPlatforms) = postSolution
		{D86A818E-76B5-4B5F-9B44-A3E12D41F754}.Debug|Any CPU.ActiveCfg = Debug|Any CPU
		{D86A818E-76B5-4B5F-9B44-A3E12D41F754}.Debug|Any CPU.Build.0 = Debug|Any CPU
		{D86A818E-76B5-4B5F-9B44-A3E12D41F754}.Release|Any CPU.ActiveCfg = Release|Any CPU
		{D86A818E-76B5-4B5F-9B44-A3E12D41F754}.Release|Any CPU.Build.0 = Release|Any CPU
		{38D207A7-A709-4816-8A84-36B5F9516EB3}.Debug|Any CPU.ActiveCfg = Debug|Any CPU
		{38D207A7-A709-4816-8A84-36B5F9516EB3}.Debug|Any CPU.Build.0 = Debug|Any CPU
		{38D207A7-A709-4816-8A84-36B5F9516EB3}.Release|Any CPU.ActiveCfg = Release|Any CPU
		{38D207A7-A709-4816-8A84-36B5F9516EB3}.Release|Any CPU.Build.0 = Release|Any CPU
	EndGlobalSection
	GlobalSection(SolutionProperties) = preSolution
		HideSolutionNode = FALSE
	EndGlobalSection
	GlobalSection(ExtensibilityGlobals) = postSolution
		SolutionGuid = {7E62E793-F6B6-4D6A-985D-506D62EBAD75}
	EndGlobalSection
EndGlobal
