
Microsoft Visual Studio Solution File, Format Version 12.00
# Visual Studio Version 16
VisualStudioVersion = 16.0.29306.81
MinimumVisualStudioVersion = 10.0.40219.1
Project("{FAE04EC0-301F-11D3-BF4B-00C04F79EFBC}") = "symmetry_array_Monika_Blazheva_9e", "symmetry_array_Monika_Blazheva_9e\symmetry_array_Monika_Blazheva_9e.csproj", "{BA60084C-BFD9-4FA4-922B-0F70FE4A04BA}"
EndProject
Global
	GlobalSection(SolutionConfigurationPlatforms) = preSolution
		Debug|Any CPU = Debug|Any CPU
		Release|Any CPU = Release|Any CPU
	EndGlobalSection
	GlobalSection(ProjectConfigurationPlatforms) = postSolution
		{BA60084C-BFD9-4FA4-922B-0F70FE4A04BA}.Debug|Any CPU.ActiveCfg = Debug|Any CPU
		{BA60084C-BFD9-4FA4-922B-0F70FE4A04BA}.Debug|Any CPU.Build.0 = Debug|Any CPU
		{BA60084C-BFD9-4FA4-922B-0F70FE4A04BA}.Release|Any CPU.ActiveCfg = Release|Any CPU
		{BA60084C-BFD9-4FA4-922B-0F70FE4A04BA}.Release|Any CPU.Build.0 = Release|Any CPU
	EndGlobalSection
	GlobalSection(SolutionProperties) = preSolution
		HideSolutionNode = FALSE
	EndGlobalSection
	GlobalSection(ExtensibilityGlobals) = postSolution
		SolutionGuid = {863C4070-7AD1-44FC-8E43-35CDB3429F98}
	EndGlobalSection
EndGlobal
