
Microsoft Visual Studio Solution File, Format Version 12.00
# Visual Studio Version 16
VisualStudioVersion = 16.0.32126.315
MinimumVisualStudioVersion = 10.0.40219.1
Project("{FAE04EC0-301F-11D3-BF4B-00C04F79EFBC}") = "BusinessLayer", "BusinessLayer\BusinessLayer.csproj", "{0AD5759B-E79C-401C-86A4-2BAC5E935C11}"
EndProject
Project("{FAE04EC0-301F-11D3-BF4B-00C04F79EFBC}") = "DataLayer", "DataLayer\DataLayer.csproj", "{C1499015-A292-4897-A200-6CC02D7D07ED}"
EndProject
Project("{FAE04EC0-301F-11D3-BF4B-00C04F79EFBC}") = "PresentationLayer", "PresentationLayer\PresentationLayer.csproj", "{165B3EC7-0666-4DA3-9453-10C105A6B791}"
EndProject
Global
	GlobalSection(SolutionConfigurationPlatforms) = preSolution
		Debug|Any CPU = Debug|Any CPU
		Release|Any CPU = Release|Any CPU
	EndGlobalSection
	GlobalSection(ProjectConfigurationPlatforms) = postSolution
		{0AD5759B-E79C-401C-86A4-2BAC5E935C11}.Debug|Any CPU.ActiveCfg = Debug|Any CPU
		{0AD5759B-E79C-401C-86A4-2BAC5E935C11}.Debug|Any CPU.Build.0 = Debug|Any CPU
		{0AD5759B-E79C-401C-86A4-2BAC5E935C11}.Release|Any CPU.ActiveCfg = Release|Any CPU
		{0AD5759B-E79C-401C-86A4-2BAC5E935C11}.Release|Any CPU.Build.0 = Release|Any CPU
		{C1499015-A292-4897-A200-6CC02D7D07ED}.Debug|Any CPU.ActiveCfg = Debug|Any CPU
		{C1499015-A292-4897-A200-6CC02D7D07ED}.Debug|Any CPU.Build.0 = Debug|Any CPU
		{C1499015-A292-4897-A200-6CC02D7D07ED}.Release|Any CPU.ActiveCfg = Release|Any CPU
		{C1499015-A292-4897-A200-6CC02D7D07ED}.Release|Any CPU.Build.0 = Release|Any CPU
		{165B3EC7-0666-4DA3-9453-10C105A6B791}.Debug|Any CPU.ActiveCfg = Debug|Any CPU
		{165B3EC7-0666-4DA3-9453-10C105A6B791}.Debug|Any CPU.Build.0 = Debug|Any CPU
		{165B3EC7-0666-4DA3-9453-10C105A6B791}.Release|Any CPU.ActiveCfg = Release|Any CPU
		{165B3EC7-0666-4DA3-9453-10C105A6B791}.Release|Any CPU.Build.0 = Release|Any CPU
	EndGlobalSection
	GlobalSection(SolutionProperties) = preSolution
		HideSolutionNode = FALSE
	EndGlobalSection
	GlobalSection(ExtensibilityGlobals) = postSolution
		SolutionGuid = {805ECD3E-3871-4724-8D24-1D5DB5343911}
	EndGlobalSection
EndGlobal
