
Microsoft Visual Studio Solution File, Format Version 12.00
# Visual Studio Version 16
VisualStudioVersion = 16.0.30804.86
MinimumVisualStudioVersion = 10.0.40219.1
Project("{FAE04EC0-301F-11D3-BF4B-00C04F79EFBC}") = "Exceptions", "Exceptions\Exceptions.csproj", "{A128D218-FD0B-4A1F-B112-C6EA5814DA58}"
EndProject
Global
	GlobalSection(SolutionConfigurationPlatforms) = preSolution
		Debug|Any CPU = Debug|Any CPU
		Release|Any CPU = Release|Any CPU
	EndGlobalSection
	GlobalSection(ProjectConfigurationPlatforms) = postSolution
		{A128D218-FD0B-4A1F-B112-C6EA5814DA58}.Debug|Any CPU.ActiveCfg = Debug|Any CPU
		{A128D218-FD0B-4A1F-B112-C6EA5814DA58}.Debug|Any CPU.Build.0 = Debug|Any CPU
		{A128D218-FD0B-4A1F-B112-C6EA5814DA58}.Release|Any CPU.ActiveCfg = Release|Any CPU
		{A128D218-FD0B-4A1F-B112-C6EA5814DA58}.Release|Any CPU.Build.0 = Release|Any CPU
	EndGlobalSection
	GlobalSection(SolutionProperties) = preSolution
		HideSolutionNode = FALSE
	EndGlobalSection
	GlobalSection(ExtensibilityGlobals) = postSolution
		SolutionGuid = {8D053E80-12A6-4135-BCED-7B3B8ED2FD41}
	EndGlobalSection
EndGlobal
