
Microsoft Visual Studio Solution File, Format Version 12.00
# Visual Studio Version 16
VisualStudioVersion = 16.0.29306.81
MinimumVisualStudioVersion = 10.0.40219.1
Project("{FAE04EC0-301F-11D3-BF4B-00C04F79EFBC}") = "SearchTheNumber3", "SearchTheNumber3\SearchTheNumber3.csproj", "{9E88A702-D2C0-4733-94B9-593FFEFBCA2D}"
EndProject
Global
	GlobalSection(SolutionConfigurationPlatforms) = preSolution
		Debug|Any CPU = Debug|Any CPU
		Release|Any CPU = Release|Any CPU
	EndGlobalSection
	GlobalSection(ProjectConfigurationPlatforms) = postSolution
		{9E88A702-D2C0-4733-94B9-593FFEFBCA2D}.Debug|Any CPU.ActiveCfg = Debug|Any CPU
		{9E88A702-D2C0-4733-94B9-593FFEFBCA2D}.Debug|Any CPU.Build.0 = Debug|Any CPU
		{9E88A702-D2C0-4733-94B9-593FFEFBCA2D}.Release|Any CPU.ActiveCfg = Release|Any CPU
		{9E88A702-D2C0-4733-94B9-593FFEFBCA2D}.Release|Any CPU.Build.0 = Release|Any CPU
	EndGlobalSection
	GlobalSection(SolutionProperties) = preSolution
		HideSolutionNode = FALSE
	EndGlobalSection
	GlobalSection(ExtensibilityGlobals) = postSolution
		SolutionGuid = {B22FDC2D-C3C2-4B20-907D-A12A89284742}
	EndGlobalSection
EndGlobal
